hash: 176b219a4151fb6c6bfe3df53fc14a4c7bc9729f73a34d54fdd27c6859bd6ea0
updated: 2017-10-11T15:18:07.062813388+02:00
imports:
- name: github.com/appc/spec
  version: fc380db5fc13c6dd71a5b0bf2af0d182865d1b1d
- name: github.com/containernetworking/cni
  version: 530dd71e193012895ff7beee42cd64a02e1993da
  subpackages:
  - pkg/types
- name: github.com/coreos/go-systemd
  version: d2196463941895ee908e13531a23a39feb9e1243
  subpackages:
  - sdjournal
- name: github.com/golang/glog
  version: 44145f04b68cf362d9c4df2182967c2275eaefed
- name: github.com/golang/mock
  version: 13f360950a79f5864a972c786a10a50e44b69541
- name: github.com/google/cadvisor/info/v1
  version: cda62a43857256fbc95dd31e7c810888f00f8ec7
- name: github.com/moby/moby
  version: 409d4711812c5c23815a783524e543ec653a234b
  subpackages:
  - daemon/caps
- name: github.com/rkt/rkt
  version: 020d59b98f082425ffc54672d9deef1549a1a908
  subpackages:
  - lib
- name: github.com/spf13/pflag
  version: 5ccb023bc27df288a957c5e994cd44fd19619465
- name: github.com/stretchr/testify
  version: f6abca593680b2315d2075e0f5e2a9751e3f431a
  subpackages:
  - assert
  - mock
- name: github.com/vektra/mockery
  version: 50e94ccca3830b02af862920ec59f3dab0794901
  subpackages:
  - cmd/mockery
- name: golang.org/x/net
  version: 1c05540f6879653db88113bc4a2b70aec4bd491f
  subpackages:
  - context
- name: golang.org/x/tools
  version: 2382e3994d48b1d22acc2c86bcad0a2aff028e32
- name: google.golang.org/grpc
  version: d2e1b51f33ff8c5e4a15560ff049d200e83726c5
- name: k8s.io/api
  version: fc9f1c302b03be84bd3a31a41daac22881cd94d8
  subpackages:
  - admissionregistration/v1alpha1
  - apps/v1beta1
  - apps/v1beta2
  - authentication/v1
  - authentication/v1beta1
  - authorization/v1
  - authorization/v1beta1
  - autoscaling/v1
  - autoscaling/v2alpha1
  - batch/v1
  - batch/v2alpha1
  - certificates/v1beta1
  - core/v1
  - extensions/v1beta1
  - networking/v1
  - policy/v1beta1
  - rbac/v1
  - rbac/v1alpha1
  - rbac/v1beta1
  - scheduling/v1alpha1
  - settings/v1alpha1
  - storage/v1
  - storage/v1beta1
- name: k8s.io/apiextensions-apiserver
  version: a5bbfd114a9b122acd741c61d88c84812375d9e1
  subpackages:
  - pkg/features
- name: k8s.io/apimachinery
  version: 1441bddc96c6d8804f024408c49fc8bc8f735590
  subpackages:
  - pkg/api/equality
  - pkg/api/errors
  - pkg/api/meta
  - pkg/api/resource
  - pkg/api/validation
  - pkg/api/validation/path
  - pkg/apimachinery
  - pkg/apimachinery/announced
  - pkg/apimachinery/registered
  - pkg/apis/meta/internalversion
  - pkg/apis/meta/v1
  - pkg/apis/meta/v1/unstructured
  - pkg/apis/meta/v1/validation
  - pkg/apis/meta/v1alpha1
  - pkg/conversion
  - pkg/conversion/queryparams
  - pkg/conversion/unstructured
  - pkg/fields
  - pkg/labels
  - pkg/runtime
  - pkg/runtime/schema
  - pkg/runtime/serializer
  - pkg/runtime/serializer/json
  - pkg/runtime/serializer/protobuf
  - pkg/runtime/serializer/recognizer
  - pkg/runtime/serializer/streaming
  - pkg/runtime/serializer/versioning
  - pkg/selection
  - pkg/types
  - pkg/util/cache
  - pkg/util/clock
  - pkg/util/diff
  - pkg/util/errors
  - pkg/util/framer
  - pkg/util/httpstream
  - pkg/util/httpstream/spdy
  - pkg/util/intstr
  - pkg/util/json
  - pkg/util/mergepatch
  - pkg/util/net
  - pkg/util/rand
  - pkg/util/remotecommand
  - pkg/util/runtime
  - pkg/util/sets
  - pkg/util/strategicpatch
  - pkg/util/validation
  - pkg/util/validation/field
  - pkg/util/wait
  - pkg/util/yaml
  - pkg/version
  - pkg/watch
  - third_party/forked/golang/json
  - third_party/forked/golang/netutil
  - third_party/forked/golang/reflect
- name: k8s.io/apiserver
  version: c1e53d745d0fe45bf7d5d44697e6eface25fceca
  subpackages:
  - pkg/authentication/authenticator
  - pkg/authentication/serviceaccount
  - pkg/authentication/user
  - pkg/features
  - pkg/server/httplog
  - pkg/storage
  - pkg/storage/etcd
  - pkg/storage/etcd/metrics
  - pkg/storage/etcd/util
  - pkg/util/feature
  - pkg/util/trace
  - pkg/util/wsstream
- name: k8s.io/client-go
  version: 32ad290dcba233ec6f0a1abf45b38f4179a2b6ff
   subpackages:
  - discovery
  - kubernetes
  - kubernetes/scheme
  - kubernetes/typed/admissionregistration/v1alpha1
  - kubernetes/typed/apps/v1beta1
  - kubernetes/typed/apps/v1beta2
  - kubernetes/typed/authentication/v1
  - kubernetes/typed/authentication/v1beta1
  - kubernetes/typed/authorization/v1
  - kubernetes/typed/authorization/v1beta1
  - kubernetes/typed/autoscaling/v1
  - kubernetes/typed/autoscaling/v2alpha1
  - kubernetes/typed/batch/v1
  - kubernetes/typed/batch/v2alpha1
  - kubernetes/typed/certificates/v1beta1
  - kubernetes/typed/core/v1
  - kubernetes/typed/extensions/v1beta1
  - kubernetes/typed/networking/v1
  - kubernetes/typed/policy/v1beta1
  - kubernetes/typed/rbac/v1
  - kubernetes/typed/rbac/v1alpha1
  - kubernetes/typed/rbac/v1beta1
  - kubernetes/typed/scheduling/v1alpha1
  - kubernetes/typed/settings/v1alpha1
  - kubernetes/typed/storage/v1
  - kubernetes/typed/storage/v1beta1
  - listers/core/v1
   - pkg/api
  - pkg/version
  - rest
  - rest/watch
  - tools/cache
  - tools/clientcmd/api
  - tools/metrics
  - tools/record
  - tools/reference
  - tools/remotecommand
  - transport
  - transport/spdy
  - util/cert
  - util/exec
  - util/flowcontrol
  - util/integer
  - util/retry
  - util/workqueue
- name: k8s.io/kube-openapi
  version: 868f2f29720b192240e18284659231b440f9cda5
- name: k8s.io/kubernetes
  version: 0b9efaeb34a2fc51ff8e4d34ad9bc6375459c4a4
  subpackages:
  - pkg/api
  - pkg/api/resource
  - pkg/credentialprovider
  - pkg/kubelet/apis/cri/v1alpha1/runtime
  - pkg/kubelet/apis/cri/testing
  - pkg/kubelet/container
  - pkg/kubelet/container/testing
  - pkg/kubelet/kuberuntime
  - pkg/kubelet/server/streaming
  - pkg/kubelet/util/ioutils
  - pkg/util/exec
  - pkg/util/logs
- name: k8s.io/utils
  version: 9fdc871a36f37980dd85f96d576b20d564cc0784
testImports: []
